{
  "version": 4,
  "terraform_version": "1.15.5",
  "serial": 10,
  "lineage": "0f391f1d-7a7c-908f-4d0a-c766c20e7b23",
  "outputs": {
    "deployment_status": {
      "value": "NetDevOps cluster and native resources planned and deployed in a single sequence execution.",
      "type": "string"
    },
    "kubernetes_api_endpoint": {
      "value": "https://127.0.0.1:6443",
      "type": "string"
    }
  },
  "resources": [
    {
      "mode": "managed",
      "type": "kind_cluster",
      "name": "devops_cluster",
      "provider": "provider[\"registry.terraform.io/tehcyx/kind\"]",
      "instances": [
        {
          "schema_version": 0,
          "attributes": {
            "client_certificate": "-----BEGIN CERTIFICATE-----\nMIIDKTCCAhGgAwIBAgIIBqzzEsciy5YwDQYJKoZIhvcNAQELBQAwFTETMBEGA1UE\nAxMKa3ViZXJuZXRlczAeFw0yNjA2MDUxMTI1MDZaFw0yNzA2MDUxMTMwMDhaMDwx\nHzAdBgNVBAoTFmt1YmVhZG06Y2x1c3Rlci1hZG1pbnMxGTAXBgNVBAMTEGt1YmVy\nbmV0ZXMtYWRtaW4wggEiMA0GCSqGSIb3DQEBAQUAA4IBDwAwggEKAoIBAQDYL6lz\nlZpXjlYWCOtO+ad8wQ0Zap4tAAcO/1rXV8jMA3OaDqG2l60BDjc1hbe0kggMrFX9\nxZlIrZ9ndUv96YsxPefjTxv/XbI9RK4wcf9/z8ZwdD3HzFk4NiQbBrLwefYSwI3K\nhZ60/hOyRcVTvHrccdVUtJmoHH+LU+rR08qeguoTnYfgMZP+emojRZJ8twT03kEN\njwHwi77pj687tBb2ICMSAbsgW/oXausvWvjgVfSgxXg4wyXAXTetzUGX4jRu168X\nsyRadmZkt4tuLeQFqGpnO6ChDzjcPlpKFslTEesFgnzigaWgmY6FucDPF7bb8twk\n1czuNnswk7pnbeTBAgMBAAGjVjBUMA4GA1UdDwEB/wQEAwIFoDATBgNVHSUEDDAK\nBggrBgEFBQcDAjAMBgNVHRMBAf8EAjAAMB8GA1UdIwQYMBaAFJkV7WnyoHUOchOh\nx8IJItAXfrHlMA0GCSqGSIb3DQEBCwUAA4IBAQDDKKUQCHmH0wclVYX0dy0zxYqw\nWhVYiJcR2HOlUeR/GYA4AbkdOWm7N2tTjoC0EaZidioIx1BfZ4N7cnyvRYmbZiSg\n41SyfvQlGwrwFRRSXQcDw/cbU82BT1afUnXBSp6arjedhk+wEKX+w4c6wwHEiNiI\nhgt8U7mYxSvkOuiG/zYrMAhlReLJHE9Aoh6j0MIUrkP+PiR4sAq7h85+YEMSGk8N\nt/rlYkBFAlwkHtzE7RRDbMfEEM6fVNYuAv/e/lEWtlPK1Fx2ydmSNCkkEGPuaNQA\nmBnmtxpOAFZOmIMOGYaBDCAIYUUJAgVzPWfD8t7MPpzPEbm6DC57Vi5uQBKM\n-----END CERTIFICATE-----\n",
            "client_key": "-----BEGIN RSA PRIVATE KEY-----\nMIIEpQIBAAKCAQEA2C+pc5WaV45WFgjrTvmnfMENGWqeLQAHDv9a11fIzANzmg6h\ntpetAQ43NYW3tJIIDKxV/cWZSK2fZ3VL/emLMT3n408b/12yPUSuMHH/f8/GcHQ9\nx8xZODYkGway8Hn2EsCNyoWetP4TskXFU7x63HHVVLSZqBx/i1Pq0dPKnoLqE52H\n4DGT/npqI0WSfLcE9N5BDY8B8Iu+6Y+vO7QW9iAjEgG7IFv6F2rrL1r44FX0oMV4\nOMMlwF03rc1Bl+I0btevF7MkWnZmZLeLbi3kBahqZzugoQ843D5aShbJUxHrBYJ8\n4oGloJmOhbnAzxe22/LcJNXM7jZ7MJO6Z23kwQIDAQABAoIBAQCUBn6WgBdAYFud\nltnYJ6WBDIa1ooVP9rbelAZVcOwylSJwmBgueEijcmJnKXoSD/OnCdGPg99jHk8J\nfg1cfK8sNmEzCZX4EuXagc5rqYLytwf/M/ihd9CXZqruPnYDpt7RFDuCMl/rOhWu\neYuVvHa7vs39w/N6YpkKg5lDtysDwQnjZU/4NyFOwqykD9cMlS926cuantM69LmQ\nS8mvjKrOd8/GCAEvn9NLrzO+OtJsuPWvFZr5E/jFxEaxW+KC2f8GbpnAbSqZi5V0\n1gQrImfZSLZkDOLaWsEp/sXYQ414q75oMxCiWhYPI6gEGXjvgH1MwLGhDS2BysXH\nZnoYE3PhAoGBAOc41VAJ5RqP7HL3pM4tbkNF6QWhd2h4u2YDHkx6wjOMPvW29/Qn\n0CFtp2W5rqkkpTEFXUUZwKHajL4p5JBA4xVnQJnOCzw1n7+5nyoNxACY0MRKJnKI\nqJ0/Yinuc1bMshjiuV3rY1BhDObhSqQpDtyHiArcCrufcvfips9a43GlAoGBAO9a\nWO5oJJmei0Dff+OaqrtLHZux85RwBXH2JXoaDYVJzadcVxUkGlNjkXtGJfsk4Vgp\nU0M0d1QvCTZtnG5NsdryBDo/1pnYp5pgrxvIOjlu9h1dG1j6NoHYZXun/uuu+X4G\nEgNPu9Sbpn3FIDUvcfdQlWhoWRHiUAyHNlTKicPtAoGBANhyPlT3fkz4L4qLwe3z\nX0WAWxsXRHU6l4puHt3PCJ5CielwRvp6jn3MbShvwk257R1PfTkjW0zoDloxUzGq\nXCj8B+AynhfVxt4uAA3Y5wL8CmnFU+phfR3+aIECI1w8r/dVvdpqcASdZPt4KGw1\ntyC/ip1H0JBEOdZMiISQ+1q1AoGAeGbDS5IZrykAta53/79C2RpNF4/pjqbXJl+C\ntKw8VussR17880aI85+nhBJicrY3oQiQuMLAsBlFEhsLULVGnXOWytJoGlXQ4ah3\nDYuoNlHp/hVi91xOZPy89/onEtme6VUWZJIMU0PE+YlazUZDlvvzXGT5QTTNva+a\nlgaYTHUCgYEAsj/+Bg2NvsqR5Jjhi4id3DtHQxsoy8XA8IavVGz/U444S8T6unF4\nS2vlYCjHdWMNUcni2V0zK6UdLJ0X2g5syfBE3fCsphZbsGQuc61iG63F3BIZTFax\nYPbrEAM7ZX1vRQk4FxvqGtj7BYTUv928DUpVoBFV7ZtGuGn+Ej1uVZs=\n-----END RSA PRIVATE KEY-----\n",
            "cluster_ca_certificate": "-----BEGIN CERTIFICATE-----\nMIIDBTCCAe2gAwIBAgIIbBUFsfSym0gwDQYJKoZIhvcNAQELBQAwFTETMBEGA1UE\nAxMKa3ViZXJuZXRlczAeFw0yNjA2MDUxMTI1MDZaFw0zNjA2MDIxMTMwMDZaMBUx\nEzARBgNVBAMTCmt1YmVybmV0ZXMwggEiMA0GCSqGSIb3DQEBAQUAA4IBDwAwggEK\nAoIBAQDrZeuLFdE4bxRx/08wDWT4b8Tn1VfWdMsYZ+b0Hb6xxuwva78PUm0gZiWE\nbhpaNoRIW+p8jL3dG695mLuWOqtoBk8bZ0WCWRPqpvxrd4AA6m2lSi/Sb3dSyoqA\n9cl6ntw5JVrT8m7t11mHF85F9qUsH3f4mM8ZYEif/46hOvjJu6Wf6mOZ8l7QxDN1\ntqFCCzEH5WcitmgA59uvawilz3Rlb+bBuOhAHrYunI/YeAJX/7Ted9nXsDOO4hfB\n6fhN5ILecx93gZbc7YeTbMtUGktHaKS1LnhuKqv5NmQkyKr4rzWXK/W4FaAm2eRg\nOKGTXjxs+D7SYc2LaA86KMuI5w/VAgMBAAGjWTBXMA4GA1UdDwEB/wQEAwICpDAP\nBgNVHRMBAf8EBTADAQH/MB0GA1UdDgQWBBSZFe1p8qB1DnITocfCCSLQF36x5TAV\nBgNVHREEDjAMggprdWJlcm5ldGVzMA0GCSqGSIb3DQEBCwUAA4IBAQDfB2f5Etej\nYVv3l0WKedspTWlvVWIVUE9voM+R3Ganl2OCk5hoDwEpSveRZB747XB9sXUoJb8M\nHEayKaYxcj9m7OPlEDl9V2YA8fSmJRTuTtsoZUPtJX38Y5/idCbVhfbKgJLLRiis\nowJBMYkYAQcAIOLIaw/7Uds3zUZmgiSKN/bWar3T1rAuJ37SGNiC2wpc7OcvrDoT\ngn5Uhv1f28kJC2CB5npBBeVeiHop0+WUM1pLUAnBonIMCUBXCzAX8tBy8BJF+BEc\ns9b+yilhcTBJEsj6J6V8Cp2c6DntdgSv6j03J6mrjMKgeSXZwy9fD65ByEaDxvpg\nPOcF+NNHEbRI\n-----END CERTIFICATE-----\n",
            "completed": true,
            "endpoint": "https://127.0.0.1:6443",
            "id": "devops-cluster-",
            "kind_config": [
              {
                "api_version": "kind.x-k8s.io/v1alpha4",
                "containerd_config_patches": [],
                "feature_gates": {},
                "kind": "Cluster",
                "networking": [
                  {
                    "api_server_address": "127.0.0.1",
                    "api_server_port": 6443,
                    "disable_default_cni": false,
                    "dns_search": [],
                    "ip_family": "",
                    "kube_proxy_mode": "",
                    "pod_subnet": "10.244.0.0/16",
                    "service_subnet": "10.96.0.0/12"
                  }
                ],
                "node": [
                  {
                    "extra_mounts": [],
                    "extra_port_mappings": [
                      {
                        "container_port": 80,
                        "host_port": 80,
                        "listen_address": "",
                        "protocol": "TCP"
                      },
                      {
                        "container_port": 443,
                        "host_port": 443,
                        "listen_address": "",
                        "protocol": "TCP"
                      }
                    ],
                    "image": "",
                    "kubeadm_config_patches": [],
                    "labels": {},
                    "role": "control-plane"
                  },
                  {
                    "extra_mounts": [],
                    "extra_port_mappings": [],
                    "image": "",
                    "kubeadm_config_patches": [],
                    "labels": {},
                    "role": "worker"
                  },
                  {
                    "extra_mounts": [],
                    "extra_port_mappings": [],
                    "image": "",
                    "kubeadm_config_patches": [],
                    "labels": {},
                    "role": "worker"
                  }
                ],
                "runtime_config": {}
              }
            ],
            "kubeconfig": "apiVersion: v1\nclusters:\n- cluster:\n    certificate-authority-data: LS0tLS1CRUdJTiBDRVJUSUZJQ0FURS0tLS0tCk1JSURCVENDQWUyZ0F3SUJBZ0lJYkJVRnNmU3ltMGd3RFFZSktvWklodmNOQVFFTEJRQXdGVEVUTUJFR0ExVUUKQXhNS2EzVmlaWEp1WlhSbGN6QWVGdzB5TmpBMk1EVXhNVEkxTURaYUZ3MHpOakEyTURJeE1UTXdNRFphTUJVeApFekFSQmdOVkJBTVRDbXQxWW1WeWJtVjBaWE13Z2dFaU1BMEdDU3FHU0liM0RRRUJBUVVBQTRJQkR3QXdnZ0VLCkFvSUJBUURyWmV1TEZkRTRieFJ4LzA4d0RXVDRiOFRuMVZmV2RNc1laK2IwSGI2eHh1d3ZhNzhQVW0wZ1ppV0UKYmhwYU5vUklXK3A4akwzZEc2OTVtTHVXT3F0b0JrOGJaMFdDV1JQcXB2eHJkNEFBNm0ybFNpL1NiM2RTeW9xQQo5Y2w2bnR3NUpWclQ4bTd0MTFtSEY4NUY5cVVzSDNmNG1NOFpZRWlmLzQ2aE92akp1NldmNm1PWjhsN1F4RE4xCnRxRkNDekVINVdjaXRtZ0E1OXV2YXdpbHozUmxiK2JCdU9oQUhyWXVuSS9ZZUFKWC83VGVkOW5Yc0RPTzRoZkIKNmZoTjVJTGVjeDkzZ1piYzdZZVRiTXRVR2t0SGFLUzFMbmh1S3F2NU5tUWt5S3I0cnpXWEsvVzRGYUFtMmVSZwpPS0dUWGp4cytEN1NZYzJMYUE4NktNdUk1dy9WQWdNQkFBR2pXVEJYTUE0R0ExVWREd0VCL3dRRUF3SUNwREFQCkJnTlZIUk1CQWY4RUJUQURBUUgvTUIwR0ExVWREZ1FXQkJTWkZlMXA4cUIxRG5JVG9jZkNDU0xRRjM2eDVUQVYKQmdOVkhSRUVEakFNZ2dwcmRXSmxjbTVsZEdWek1BMEdDU3FHU0liM0RRRUJDd1VBQTRJQkFRRGZCMmY1RXRlagpZVnYzbDBXS2Vkc3BUV2x2VldJVlVFOXZvTStSM0dhbmwyT0NrNWhvRHdFcFN2ZVJaQjc0N1hCOXNYVW9KYjhNCkhFYXlLYVl4Y2o5bTdPUGxFRGw5VjJZQThmU21KUlR1VHRzb1pVUHRKWDM4WTUvaWRDYlZoZmJLZ0pMTFJpaXMKb3dKQk1Za1lBUWNBSU9MSWF3LzdVZHMzelVabWdpU0tOL2JXYXIzVDFyQXVKMzdTR05pQzJ3cGM3T2N2ckRvVApnbjVVaHYxZjI4a0pDMkNCNW5wQkJlVmVpSG9wMCtXVU0xcExVQW5Cb25JTUNVQlhDekFYOHRCeThCSkYrQkVjCnM5Yit5aWxoY1RCSkVzajZKNlY4Q3AyYzZEbnRkZ1N2NmowM0o2bXJqTUtnZVNYWnd5OWZENjVCeUVhRHh2cGcKUE9jRitOTkhFYlJJCi0tLS0tRU5EIENFUlRJRklDQVRFLS0tLS0K\n    server: https://127.0.0.1:6443\n  name: kind-devops-cluster\ncontexts:\n- context:\n    cluster: kind-devops-cluster\n    user: kind-devops-cluster\n  name: kind-devops-cluster\ncurrent-context: kind-devops-cluster\nkind: Config\npreferences: {}\nusers:\n- name: kind-devops-cluster\n  user:\n    client-certificate-data: LS0tLS1CRUdJTiBDRVJUSUZJQ0FURS0tLS0tCk1JSURLVENDQWhHZ0F3SUJBZ0lJQnF6ekVzY2l5NVl3RFFZSktvWklodmNOQVFFTEJRQXdGVEVUTUJFR0ExVUUKQXhNS2EzVmlaWEp1WlhSbGN6QWVGdzB5TmpBMk1EVXhNVEkxTURaYUZ3MHlOekEyTURVeE1UTXdNRGhhTUR3eApIekFkQmdOVkJBb1RGbXQxWW1WaFpHMDZZMngxYzNSbGNpMWhaRzFwYm5NeEdUQVhCZ05WQkFNVEVHdDFZbVZ5CmJtVjBaWE10WVdSdGFXNHdnZ0VpTUEwR0NTcUdTSWIzRFFFQkFRVUFBNElCRHdBd2dnRUtBb0lCQVFEWUw2bHoKbFpwWGpsWVdDT3RPK2FkOHdRMFphcDR0QUFjTy8xclhWOGpNQTNPYURxRzJsNjBCRGpjMWhiZTBrZ2dNckZYOQp4WmxJclo5bmRVdjk2WXN4UGVmalR4di9YYkk5Uks0d2NmOS96OFp3ZEQzSHpGazROaVFiQnJMd2VmWVN3STNLCmhaNjAvaE95UmNWVHZIcmNjZFZVdEptb0hIK0xVK3JSMDhxZWd1b1RuWWZnTVpQK2Vtb2pSWko4dHdUMDNrRU4KandId2k3N3BqNjg3dEJiMklDTVNBYnNnVy9vWGF1c3ZXdmpnVmZTZ3hYZzR3eVhBWFRldHpVR1g0alJ1MTY4WApzeVJhZG1aa3Q0dHVMZVFGcUdwbk82Q2hEempjUGxwS0ZzbFRFZXNGZ256aWdhV2dtWTZGdWNEUEY3YmI4dHdrCjFjenVObnN3azdwbmJlVEJBZ01CQUFHalZqQlVNQTRHQTFVZER3RUIvd1FFQXdJRm9EQVRCZ05WSFNVRUREQUsKQmdnckJnRUZCUWNEQWpBTUJnTlZIUk1CQWY4RUFqQUFNQjhHQTFVZEl3UVlNQmFBRkprVjdXbnlvSFVPY2hPaAp4OElKSXRBWGZySGxNQTBHQ1NxR1NJYjNEUUVCQ3dVQUE0SUJBUURES0tVUUNIbUgwd2NsVllYMGR5MHp4WXF3CldoVllpSmNSMkhPbFVlUi9HWUE0QWJrZE9XbTdOMnRUam9DMEVhWmlkaW9JeDFCZlo0Tjdjbnl2UlltYlppU2cKNDFTeWZ2UWxHd3J3RlJSU1hRY0R3L2NiVTgyQlQxYWZVblhCU3A2YXJqZWRoayt3RUtYK3c0YzZ3d0hFaU5pSQpoZ3Q4VTdtWXhTdmtPdWlHL3pZck1BaGxSZUxKSEU5QW9oNmowTUlVcmtQK1BpUjRzQXE3aDg1K1lFTVNHazhOCnQvcmxZa0JGQWx3a0h0ekU3UlJEYk1mRUVNNmZWTll1QXYvZS9sRVd0bFBLMUZ4MnlkbVNOQ2trRUdQdWFOUUEKbUJubXR4cE9BRlpPbUlNT0dZYUJEQ0FJWVVVSkFnVnpQV2ZEOHQ3TVBwelBFYm02REM1N1ZpNXVRQktNCi0tLS0tRU5EIENFUlRJRklDQVRFLS0tLS0K\n    client-key-data: LS0tLS1CRUdJTiBSU0EgUFJJVkFURSBLRVktLS0tLQpNSUlFcFFJQkFBS0NBUUVBMkMrcGM1V2FWNDVXRmdqclR2bW5mTUVOR1dxZUxRQUhEdjlhMTFmSXpBTnptZzZoCnRwZXRBUTQzTllXM3RKSUlES3hWL2NXWlNLMmZaM1ZML2VtTE1UM240MDhiLzEyeVBVU3VNSEgvZjgvR2NIUTkKeDh4Wk9EWWtHd2F5OEhuMkVzQ055b1dldFA0VHNrWEZVN3g2M0hIVlZMU1pxQngvaTFQcTBkUEtub0xxRTUySAo0REdUL25wcUkwV1NmTGNFOU41QkRZOEI4SXUrNlkrdk83UVc5aUFqRWdHN0lGdjZGMnJyTDFyNDRGWDBvTVY0Ck9NTWx3RjAzcmMxQmwrSTBidGV2RjdNa1duWm1aTGVMYmkza0JhaHFaenVnb1E4NDNENWFTaGJKVXhIckJZSjgKNG9HbG9KbU9oYm5BenhlMjIvTGNKTlhNN2paN01KTzZaMjNrd1FJREFRQUJBb0lCQVFDVUJuNldnQmRBWUZ1ZApsdG5ZSjZXQkRJYTFvb1ZQOXJiZWxBWlZjT3d5bFNKd21CZ3VlRWlqY21KbktYb1NEL09uQ2RHUGc5OWpIazhKCmZnMWNmSzhzTm1FekNaWDRFdVhhZ2M1cnFZTHl0d2YvTS9paGQ5Q1hacXJ1UG5ZRHB0N1JGRHVDTWwvck9oV3UKZVl1VnZIYTd2czM5dy9ONllwa0tnNWxEdHlzRHdRbmpaVS80TnlGT3dxeWtEOWNNbFM5MjZjdWFudE02OUxtUQpTOG12aktyT2Q4L0dDQUV2bjlOTHJ6TytPdEpzdVBXdkZacjVFL2pGeEVheFcrS0MyZjhHYnBuQWJTcVppNVYwCjFnUXJJbWZaU0xaa0RPTGFXc0VwL3NYWVE0MTRxNzVvTXhDaVdoWVBJNmdFR1hqdmdIMU13TEdoRFMyQnlzWEgKWm5vWUUzUGhBb0dCQU9jNDFWQUo1UnFQN0hMM3BNNHRia05GNlFXaGQyaDR1MllESGt4NndqT01QdlcyOS9RbgowQ0Z0cDJXNXJxa2twVEVGWFVVWndLSGFqTDRwNUpCQTR4Vm5RSm5PQ3p3MW43KzVueW9OeEFDWTBNUktKbktJCnFKMC9ZaW51YzFiTXNoaml1VjNyWTFCaERPYmhTcVFwRHR5SGlBcmNDcnVmY3ZmaXBzOWE0M0dsQW9HQkFPOWEKV081b0pKbWVpMERmZitPYXFydExIWnV4ODVSd0JYSDJKWG9hRFlWSnphZGNWeFVrR2xOamtYdEdKZnNrNFZncApVME0wZDFRdkNUWnRuRzVOc2RyeUJEby8xcG5ZcDVwZ3J4dklPamx1OWgxZEcxajZOb0hZWlh1bi91dXUrWDRHCkVnTlB1OVNicG4zRklEVXZjZmRRbFdob1dSSGlVQXlITmxUS2ljUHRBb0dCQU5oeVBsVDNma3o0TDRxTHdlM3oKWDBXQVd4c1hSSFU2bDRwdUh0M1BDSjVDaWVsd1J2cDZqbjNNYlNodndrMjU3UjFQZlRralcwem9EbG94VXpHcQpYQ2o4QitBeW5oZlZ4dDR1QUEzWTV3TDhDbW5GVStwaGZSMythSUVDSTF3OHIvZFZ2ZHBxY0FTZFpQdDRLR3cxCnR5Qy9pcDFIMEpCRU9kWk1pSVNRKzFxMUFvR0FlR2JEUzVJWnJ5a0F0YTUzLzc5QzJScE5GNC9wanFiWEpsK0MKdEt3OFZ1c3NSMTc4ODBhSTg1K25oQkppY3JZM29RaVF1TUxBc0JsRkVoc0xVTFZHblhPV3l0Sm9HbFhRNGFoMwpEWXVvTmxIcC9oVmk5MXhPWlB5ODkvb25FdG1lNlZVV1pKSU1VMFBFK1lsYXpVWkRsdnZ6WEdUNVFUVE52YSthCmxnYVlUSFVDZ1lFQXNqLytCZzJOdnNxUjVKamhpNGlkM0R0SFF4c295OFhBOElhdlZHei9VNDQ0UzhUNnVuRjQKUzJ2bFlDakhkV01OVWNuaTJWMHpLNlVkTEowWDJnNXN5ZkJFM2ZDc3BoWmJzR1F1YzYxaUc2M0YzQklaVEZheApZUGJyRUFNN1pYMXZSUWs0Rnh2cUd0ajdCWVRVdjkyOERVcFZvQkZWN1p0R3VHbitFajF1VlpzPQotLS0tLUVORCBSU0EgUFJJVkFURSBLRVktLS0tLQo=\n",
            "kubeconfig_path": "/home/robin/my-netdevops-project/terraform/devops-cluster-config",
            "name": "devops-cluster",
            "node_image": null,
            "timeouts": null,
            "wait_for_ready": true
          },
          "sensitive_attributes": [],
          "identity_schema_version": 0,
          "private": "eyJlMmJmYjczMC1lY2FhLTExZTYtOGY4OC0zNDM2M2JjN2M0YzAiOnsiY3JlYXRlIjozMDAwMDAwMDAwMDAsImRlbGV0ZSI6MzAwMDAwMDAwMDAwLCJ1cGRhdGUiOjMwMDAwMDAwMDAwMH19"
        }
      ]
    },
    {
      "mode": "managed",
      "type": "kubernetes_cluster_role",
      "name": "mesh_pinger",
      "provider": "provider[\"registry.terraform.io/hashicorp/kubernetes\"]",
      "instances": [
        {
          "schema_version": 0,
          "attributes": {
            "aggregation_rule": [],
            "id": "mesh-pinger-cluster-role",
            "metadata": [
              {
                "annotations": {},
                "generate_name": "",
                "generation": 0,
                "labels": {},
                "name": "mesh-pinger-cluster-role",
                "resource_version": "578",
                "uid": "6a85e856-529e-4fd8-a9fc-6048b32c8223"
              }
            ],
            "rule": [
              {
                "api_groups": [
                  ""
                ],
                "non_resource_urls": [],
                "resource_names": [],
                "resources": [
                  "pods"
                ],
                "verbs": [
                  "list"
                ]
              }
            ]
          },
          "sensitive_attributes": [],
          "identity_schema_version": 0,
          "private": "bnVsbA==",
          "dependencies": [
            "kind_cluster.devops_cluster"
          ]
        }
      ]
    },
    {
      "mode": "managed",
      "type": "kubernetes_cluster_role_binding",
      "name": "mesh_pinger",
      "provider": "provider[\"registry.terraform.io/hashicorp/kubernetes\"]",
      "instances": [
        {
          "schema_version": 0,
          "attributes": {
            "id": "mesh-pinger-crb",
            "metadata": [
              {
                "annotations": {},
                "generate_name": "",
                "generation": 0,
                "labels": {},
                "name": "mesh-pinger-crb",
                "resource_version": "580",
                "uid": "1a1096f1-ada4-4da5-b85e-c2effc6f4a8b"
              }
            ],
            "role_ref": [
              {
                "api_group": "rbac.authorization.k8s.io",
                "kind": "ClusterRole",
                "name": "mesh-pinger-cluster-role"
              }
            ],
            "subject": [
              {
                "api_group": "",
                "kind": "ServiceAccount",
                "name": "mesh-pinger-sa",
                "namespace": "default"
              }
            ]
          },
          "sensitive_attributes": [],
          "identity_schema_version": 0,
          "private": "bnVsbA==",
          "dependencies": [
            "kind_cluster.devops_cluster",
            "kubernetes_cluster_role.mesh_pinger",
            "kubernetes_service_account.mesh_pinger"
          ]
        }
      ]
    },
    {
      "mode": "managed",
      "type": "kubernetes_deployment",
      "name": "mesh_pinger",
      "provider": "provider[\"registry.terraform.io/hashicorp/kubernetes\"]",
      "instances": [
        {
          "schema_version": 1,
          "attributes": {
            "id": "default/mesh-pinger-deployment",
            "metadata": [
              {
                "annotations": {},
                "generate_name": "",
                "generation": 2,
                "labels": {
                  "app": "mesh-pinger"
                },
                "name": "mesh-pinger-deployment",
                "namespace": "default",
                "resource_version": "2503",
                "uid": "8778be5f-1a89-40f4-8be9-7365bb42ec05"
              }
            ],
            "spec": [
              {
                "min_ready_seconds": 0,
                "paused": false,
                "progress_deadline_seconds": 600,
                "replicas": "3",
                "revision_history_limit": 10,
                "selector": [
                  {
                    "match_expressions": [],
                    "match_labels": {
                      "app": "mesh-pinger"
                    }
                  }
                ],
                "strategy": [
                  {
                    "rolling_update": [
                      {
                        "max_surge": "25%",
                        "max_unavailable": "25%"
                      }
                    ],
                    "type": "RollingUpdate"
                  }
                ],
                "template": [
                  {
                    "metadata": [
                      {
                        "annotations": {},
                        "generate_name": "",
                        "generation": 0,
                        "labels": {
                          "app": "mesh-pinger"
                        },
                        "name": "",
                        "namespace": "",
                        "resource_version": "",
                        "uid": ""
                      }
                    ],
                    "spec": [
                      {
                        "active_deadline_seconds": 0,
                        "affinity": [],
                        "automount_service_account_token": true,
                        "container": [
                          {
                            "args": [
                              "-text=OK",
                              "-listen=:8081"
                            ],
                            "command": [],
                            "env": [],
                            "env_from": [],
                            "image": "hashicorp/http-echo:latest",
                            "image_pull_policy": "Always",
                            "lifecycle": [],
                            "liveness_probe": [],
                            "name": "main-app",
                            "port": [
                              {
                                "container_port": 8081,
                                "host_ip": "",
                                "host_port": 0,
                                "name": "app-http",
                                "protocol": "TCP"
                              }
                            ],
                            "readiness_probe": [],
                            "resources": [
                              {
                                "limits": {
                                  "cpu": "100m",
                                  "memory": "64Mi"
                                },
                                "requests": {
                                  "cpu": "50m",
                                  "memory": "32Mi"
                                }
                              }
                            ],
                            "security_context": [
                              {
                                "allow_privilege_escalation": false,
                                "capabilities": [
                                  {
                                    "add": [],
                                    "drop": [
                                      "ALL"
                                    ]
                                  }
                                ],
                                "privileged": false,
                                "read_only_root_filesystem": true,
                                "run_as_group": "",
                                "run_as_non_root": false,
                                "run_as_user": "",
                                "se_linux_options": [],
                                "seccomp_profile": []
                              }
                            ],
                            "startup_probe": [],
                            "stdin": false,
                            "stdin_once": false,
                            "termination_message_path": "/dev/termination-log",
                            "termination_message_policy": "File",
                            "tty": false,
                            "volume_mount": [],
                            "working_dir": ""
                          },
                          {
                            "args": [],
                            "command": [],
                            "env": [
                              {
                                "name": "NODE_NAME",
                                "value": "",
                                "value_from": [
                                  {
                                    "config_map_key_ref": [],
                                    "field_ref": [
                                      {
                                        "api_version": "v1",
                                        "field_path": "spec.nodeName"
                                      }
                                    ],
                                    "resource_field_ref": [],
                                    "secret_key_ref": []
                                  }
                                ]
                              },
                              {
                                "name": "POD_IP",
                                "value": "",
                                "value_from": [
                                  {
                                    "config_map_key_ref": [],
                                    "field_ref": [
                                      {
                                        "api_version": "v1",
                                        "field_path": "status.podIP"
                                      }
                                    ],
                                    "resource_field_ref": [],
                                    "secret_key_ref": []
                                  }
                                ]
                              },
                              {
                                "name": "TARGET_LABEL",
                                "value": "mesh-pinger",
                                "value_from": []
                              }
                            ],
                            "env_from": [],
                            "image": "mesh-pinger:v3",
                            "image_pull_policy": "Never",
                            "lifecycle": [],
                            "liveness_probe": [
                              {
                                "exec": [],
                                "failure_threshold": 3,
                                "grpc": [],
                                "http_get": [
                                  {
                                    "host": "",
                                    "http_header": [],
                                    "path": "/health",
                                    "port": "8090",
                                    "scheme": "HTTP"
                                  }
                                ],
                                "initial_delay_seconds": 5,
                                "period_seconds": 10,
                                "success_threshold": 1,
                                "tcp_socket": [],
                                "timeout_seconds": 2
                              }
                            ],
                            "name": "pinger",
                            "port": [
                              {
                                "container_port": 8090,
                                "host_ip": "",
                                "host_port": 0,
                                "name": "pinger-http",
                                "protocol": "TCP"
                              }
                            ],
                            "readiness_probe": [
                              {
                                "exec": [],
                                "failure_threshold": 2,
                                "grpc": [],
                                "http_get": [
                                  {
                                    "host": "",
                                    "http_header": [],
                                    "path": "/health",
                                    "port": "8090",
                                    "scheme": "HTTP"
                                  }
                                ],
                                "initial_delay_seconds": 2,
                                "period_seconds": 5,
                                "success_threshold": 1,
                                "tcp_socket": [],
                                "timeout_seconds": 1
                              }
                            ],
                            "resources": [
                              {
                                "limits": {
                                  "cpu": "200m",
                                  "memory": "128Mi"
                                },
                                "requests": {
                                  "cpu": "100m",
                                  "memory": "64Mi"
                                }
                              }
                            ],
                            "security_context": [
                              {
                                "allow_privilege_escalation": false,
                                "capabilities": [
                                  {
                                    "add": [],
                                    "drop": [
                                      "ALL"
                                    ]
                                  }
                                ],
                                "privileged": false,
                                "read_only_root_filesystem": true,
                                "run_as_group": "",
                                "run_as_non_root": false,
                                "run_as_user": "",
                                "se_linux_options": [],
                                "seccomp_profile": []
                              }
                            ],
                            "startup_probe": [
                              {
                                "exec": [],
                                "failure_threshold": 10,
                                "grpc": [],
                                "http_get": [
                                  {
                                    "host": "",
                                    "http_header": [],
                                    "path": "/health",
                                    "port": "8090",
                                    "scheme": "HTTP"
                                  }
                                ],
                                "initial_delay_seconds": 10,
                                "period_seconds": 5,
                                "success_threshold": 1,
                                "tcp_socket": [],
                                "timeout_seconds": 1
                              }
                            ],
                            "stdin": false,
                            "stdin_once": false,
                            "termination_message_path": "/dev/termination-log",
                            "termination_message_policy": "File",
                            "tty": false,
                            "volume_mount": [],
                            "working_dir": ""
                          }
                        ],
                        "dns_config": [],
                        "dns_policy": "ClusterFirst",
                        "enable_service_links": true,
                        "host_aliases": [],
                        "host_ipc": false,
                        "host_network": false,
                        "host_pid": false,
                        "hostname": "",
                        "image_pull_secrets": [],
                        "init_container": [],
                        "node_name": "",
                        "node_selector": {},
                        "os": [],
                        "priority_class_name": "",
                        "readiness_gate": [],
                        "restart_policy": "Always",
                        "runtime_class_name": "",
                        "scheduler_name": "default-scheduler",
                        "security_context": [
                          {
                            "fs_group": "",
                            "fs_group_change_policy": "",
                            "run_as_group": "",
                            "run_as_non_root": true,
                            "run_as_user": "10001",
                            "se_linux_options": [],
                            "seccomp_profile": [],
                            "supplemental_groups": [],
                            "sysctl": [],
                            "windows_options": []
                          }
                        ],
                        "service_account_name": "mesh-pinger-sa",
                        "share_process_namespace": false,
                        "subdomain": "",
                        "termination_grace_period_seconds": 30,
                        "toleration": [],
                        "topology_spread_constraint": [],
                        "volume": []
                      }
                    ]
                  }
                ]
              }
            ],
            "timeouts": null,
            "wait_for_rollout": false
          },
          "sensitive_attributes": [],
          "identity_schema_version": 0,
          "private": "eyJlMmJmYjczMC1lY2FhLTExZTYtOGY4OC0zNDM2M2JjN2M0YzAiOnsiY3JlYXRlIjo2MDAwMDAwMDAwMDAsImRlbGV0ZSI6NjAwMDAwMDAwMDAwLCJ1cGRhdGUiOjYwMDAwMDAwMDAwMH0sInNjaGVtYV92ZXJzaW9uIjoiMSJ9",
          "dependencies": [
            "kind_cluster.devops_cluster",
            "kubernetes_service_account.mesh_pinger"
          ]
        }
      ]
    },
    {
      "mode": "managed",
      "type": "kubernetes_service_account",
      "name": "mesh_pinger",
      "provider": "provider[\"registry.terraform.io/hashicorp/kubernetes\"]",
      "instances": [
        {
          "schema_version": 0,
          "attributes": {
            "automount_service_account_token": true,
            "default_secret_name": "",
            "id": "default/mesh-pinger-sa",
            "image_pull_secret": [],
            "metadata": [
              {
                "annotations": {},
                "generate_name": "",
                "generation": 0,
                "labels": {},
                "name": "mesh-pinger-sa",
                "namespace": "default",
                "resource_version": "579",
                "uid": "7b4b0920-fe02-454b-a650-04a2e62e11a0"
              }
            ],
            "secret": [],
            "timeouts": null
          },
          "sensitive_attributes": [],
          "identity_schema_version": 0,
          "private": "eyJlMmJmYjczMC1lY2FhLTExZTYtOGY4OC0zNDM2M2JjN2M0YzAiOnsiY3JlYXRlIjozMDAwMDAwMDAwMH19",
          "dependencies": [
            "kind_cluster.devops_cluster"
          ]
        }
      ]
    }
  ],
  "check_results": null
}
